                                                                     {
  "requires": true,
  "lockfileVersion": 1,
  "dependencies": {
    "@fancyapps/ui": {
      "version": "4.0.8",
      "resolved": "https://registry.npmjs.org/@fancyapps/ui/-/ui-4.0.8.tgz",
      "integrity": "sha512-uKCkP78sV3G11sXkG6W+076PkSokfy4MNBg8b26/34qhrNOSQB2zUNqAm+pJYYHkZF1+kI2S+ewrIIKnz99tcQ=="
    }
  }
}
